{
  "name": "size-table",
  "version": "1.0.0",
  "lockfileVersion": 3,
  "requires": true,
  "packages": {
    "": {
      "name": "size-table",
      "version": "1.0.0",
      "license": "ISC",
      "dependencies": {
        "table-builder": "^2.1.1"
      }
    },
    "node_modules/table-builder": {
      "version": "2.1.1",
      "resolved": "https://registry.npmjs.org/table-builder/-/table-builder-2.1.1.tgz",
      "integrity": "sha512-8nisA2wuyyswF22t8nQzH8itn+W5Q5I6UjGkD6pYtXeKvVhj4En+dXAZz/XiZvx45hoc2v/nXFFRhTeiFPvkXg=="
    }
  }
}
